
Microsoft Visual Studio Solution File, Format Version 12.00
# Visual Studio Version 16
VisualStudioVersion = 16.0.29123.88
MinimumVisualStudioVersion = 10.0.40219.1
Project("{9A19103F-16F7-4668-BE54-9A1E7A4F7556}") = "CursoCSharp", "MyFirstProject\CursoCSharp.csproj", "{13FECD7A-00AD-46C6-8F43-B3CB54DDBBF1}"
EndProject
Project("{FAE04EC0-301F-11D3-BF4B-00C04F79EFBC}") = "Encapsulamento", "Encapsulamento\Encapsulamento.csproj", "{70CD2B0F-C099-448E-A9E1-101502B0ECC8}"
EndProject
Global
	GlobalSection(SolutionConfigurationPlatforms) = preSolution
		Debug|Any CPU = Debug|Any CPU
		Release|Any CPU = Release|Any CPU
	EndGlobalSection
	GlobalSection(ProjectConfigurationPlatforms) = postSolution
		{13FECD7A-00AD-46C6-8F43-B3CB54DDBBF1}.Debug|Any CPU.ActiveCfg = Debug|Any CPU
		{13FECD7A-00AD-46C6-8F43-B3CB54DDBBF1}.Debug|Any CPU.Build.0 = Debug|Any CPU
		{13FECD7A-00AD-46C6-8F43-B3CB54DDBBF1}.Release|Any CPU.ActiveCfg = Release|Any CPU
		{13FECD7A-00AD-46C6-8F43-B3CB54DDBBF1}.Release|Any CPU.Build.0 = Release|Any CPU
		{70CD2B0F-C099-448E-A9E1-101502B0ECC8}.Debug|Any CPU.ActiveCfg = Debug|Any CPU
		{70CD2B0F-C099-448E-A9E1-101502B0ECC8}.Debug|Any CPU.Build.0 = Debug|Any CPU
		{70CD2B0F-C099-448E-A9E1-101502B0ECC8}.Release|Any CPU.ActiveCfg = Release|Any CPU
		{70CD2B0F-C099-448E-A9E1-101502B0ECC8}.Release|Any CPU.Build.0 = Release|Any CPU
	EndGlobalSection
	GlobalSection(SolutionProperties) = preSolution
		HideSolutionNode = FALSE
	EndGlobalSection
	GlobalSection(ExtensibilityGlobals) = postSolution
		SolutionGuid = {9F7924E7-DF2E-4561-9B04-E2E44B86D4CF}
	EndGlobalSection
EndGlobal
